Microsoft Visual Studio Solution File, Format Version 11.00
# Visual Studio 2008

Project("{67266672-B8AF-4B45-5D00-CBB2486DDC67}") = "Gamagora_Tower_Defense", "Assembly-CSharp-firstpass.csproj", "{E57532F3-6762-226A-E1D3-EAAE1B17FE58}"
EndProject
Project("{67266672-B8AF-4B45-5D00-CBB2486DDC67}") = "Gamagora_Tower_Defense", "Assembly-CSharp.csproj", "{9759F512-F043-9D3C-4CFE-BBB96C36D1C4}"
EndProject
Project("{67266672-B8AF-4B45-5D00-CBB2486DDC67}") = "Gamagora_Tower_Defense", "Assembly-CSharp-Editor.csproj", "{7A45603F-FE4A-E85C-F68F-0C90EB51FEB2}"
EndProject
Global
	GlobalSection(SolutionConfigurationPlatforms) = preSolution
		Debug|Any CPU = Debug|Any CPU
		Release|Any CPU = Release|Any CPU
	EndGlobalSection
	GlobalSection(ProjectConfigurationPlatforms) = postSolution
		{E57532F3-6762-226A-E1D3-EAAE1B17FE58}.Debug|Any CPU.ActiveCfg = Debug|Any CPU
		{E57532F3-6762-226A-E1D3-EAAE1B17FE58}.Debug|Any CPU.Build.0 = Debug|Any CPU
		{E57532F3-6762-226A-E1D3-EAAE1B17FE58}.Release|Any CPU.ActiveCfg = Release|Any CPU
		{E57532F3-6762-226A-E1D3-EAAE1B17FE58}.Release|Any CPU.Build.0 = Release|Any CPU
		{9759F512-F043-9D3C-4CFE-BBB96C36D1C4}.Debug|Any CPU.ActiveCfg = Debug|Any CPU
		{9759F512-F043-9D3C-4CFE-BBB96C36D1C4}.Debug|Any CPU.Build.0 = Debug|Any CPU
		{9759F512-F043-9D3C-4CFE-BBB96C36D1C4}.Release|Any CPU.ActiveCfg = Release|Any CPU
		{9759F512-F043-9D3C-4CFE-BBB96C36D1C4}.Release|Any CPU.Build.0 = Release|Any CPU
		{7A45603F-FE4A-E85C-F68F-0C90EB51FEB2}.Debug|Any CPU.ActiveCfg = Debug|Any CPU
		{7A45603F-FE4A-E85C-F68F-0C90EB51FEB2}.Debug|Any CPU.Build.0 = Debug|Any CPU
		{7A45603F-FE4A-E85C-F68F-0C90EB51FEB2}.Release|Any CPU.ActiveCfg = Release|Any CPU
		{7A45603F-FE4A-E85C-F68F-0C90EB51FEB2}.Release|Any CPU.Build.0 = Release|Any CPU
	EndGlobalSection
	GlobalSection(SolutionProperties) = preSolution
		HideSolutionNode = FALSE
	EndGlobalSection
										GlobalSection(MonoDevelopProperties) = preSolution
		StartupItem = Assembly-CSharp.csproj
		Policies = $0
		$0.TextStylePolicy = $1
		$1.inheritsSet = null
		$1.scope = text/x-csharp
		$0.CSharpFormattingPolicy = $2
		$2.inheritsSet = Mono
		$2.inheritsScope = text/x-csharp
		$2.scope = text/x-csharp
		$0.TextStylePolicy = $3
		$3.FileWidth = 120
		$3.TabWidth = 4
		$3.IndentWidth = 4
		$3.EolMarker = Unix
		$3.inheritsSet = Mono
		$3.inheritsScope = text/plain
		$3.scope = text/plain
	EndGlobalSection

EndGlobal
